
Microsoft Visual Studio Solution File, Format Version 12.00
# Visual Studio 2017
Project("{FAE04EC0-301F-11D3-BF4B-00C04F79EFBC}") = "UGD-15-EX6-master", "UGD-15-EX6-master.csproj", "{BA7E6EAC-5222-63F7-1DF8-DE26A7379957}"
EndProject
Project("{FAE04EC0-301F-11D3-BF4B-00C04F79EFBC}") = "UGD-15-EX6-master.Editor", "UGD-15-EX6-master.Editor.csproj", "{6514AC53-CEB6-F095-B2C0-038F263B5E65}"
EndProject
Global
	GlobalSection(SolutionConfigurationPlatforms) = preSolution
		Debug|Any CPU = Debug|Any CPU
		Release|Any CPU = Release|Any CPU
	EndGlobalSection
	GlobalSection(ProjectConfigurationPlatforms) = postSolution
		{BA7E6EAC-5222-63F7-1DF8-DE26A7379957}.Debug|Any CPU.ActiveCfg = Debug|Any CPU
		{BA7E6EAC-5222-63F7-1DF8-DE26A7379957}.Debug|Any CPU.Build.0 = Debug|Any CPU
		{BA7E6EAC-5222-63F7-1DF8-DE26A7379957}.Release|Any CPU.ActiveCfg = Release|Any CPU
		{BA7E6EAC-5222-63F7-1DF8-DE26A7379957}.Release|Any CPU.Build.0 = Release|Any CPU
		{6514AC53-CEB6-F095-B2C0-038F263B5E65}.Debug|Any CPU.ActiveCfg = Debug|Any CPU
		{6514AC53-CEB6-F095-B2C0-038F263B5E65}.Debug|Any CPU.Build.0 = Debug|Any CPU
		{6514AC53-CEB6-F095-B2C0-038F263B5E65}.Release|Any CPU.ActiveCfg = Release|Any CPU
		{6514AC53-CEB6-F095-B2C0-038F263B5E65}.Release|Any CPU.Build.0 = Release|Any CPU
	EndGlobalSection
	GlobalSection(SolutionProperties) = preSolution
		HideSolutionNode = FALSE
	EndGlobalSection
EndGlobal
