
Microsoft Visual Studio Solution File, Format Version 12.00
# Visual Studio 2017
Project("{FAE04EC0-301F-11D3-BF4B-00C04F79EFBC}") = "UGD-15-EX5-master", "UGD-15-EX5-master.csproj", "{782D4420-FAF0-F788-07EF-D510E3406CF0}"
EndProject
Global
	GlobalSection(SolutionConfigurationPlatforms) = preSolution
		Debug|Any CPU = Debug|Any CPU
		Release|Any CPU = Release|Any CPU
	EndGlobalSection
	GlobalSection(ProjectConfigurationPlatforms) = postSolution
		{782D4420-FAF0-F788-07EF-D510E3406CF0}.Debug|Any CPU.ActiveCfg = Debug|Any CPU
		{782D4420-FAF0-F788-07EF-D510E3406CF0}.Debug|Any CPU.Build.0 = Debug|Any CPU
		{782D4420-FAF0-F788-07EF-D510E3406CF0}.Release|Any CPU.ActiveCfg = Release|Any CPU
		{782D4420-FAF0-F788-07EF-D510E3406CF0}.Release|Any CPU.Build.0 = Release|Any CPU
	EndGlobalSection
	GlobalSection(SolutionProperties) = preSolution
		HideSolutionNode = FALSE
	EndGlobalSection
EndGlobal
